
Microsoft Visual Studio Solution File, Format Version 12.00
# Visual Studio Version 17
VisualStudioVersion = 17.7.34031.279
MinimumVisualStudioVersion = 10.0.40219.1
Project("{FAE04EC0-301F-11D3-BF4B-00C04F79EFBC}") = "Module_3home", "Module_3home\Module_3home.csproj", "{A638D50D-100B-4745-8511-9A63A930235E}"
EndProject
Global
	GlobalSection(SolutionConfigurationPlatforms) = preSolution
		Debug|Any CPU = Debug|Any CPU
		Release|Any CPU = Release|Any CPU
	EndGlobalSection
	GlobalSection(ProjectConfigurationPlatforms) = postSolution
		{A638D50D-100B-4745-8511-9A63A930235E}.Debug|Any CPU.ActiveCfg = Debug|Any CPU
		{A638D50D-100B-4745-8511-9A63A930235E}.Debug|Any CPU.Build.0 = Debug|Any CPU
		{A638D50D-100B-4745-8511-9A63A930235E}.Release|Any CPU.ActiveCfg = Release|Any CPU
		{A638D50D-100B-4745-8511-9A63A930235E}.Release|Any CPU.Build.0 = Release|Any CPU
	EndGlobalSection
	GlobalSection(SolutionProperties) = preSolution
		HideSolutionNode = FALSE
	EndGlobalSection
	GlobalSection(ExtensibilityGlobals) = postSolution
		SolutionGuid = {7B4C00C8-4AA1-4D83-BB76-2A7277C2389A}
	EndGlobalSection
EndGlobal
